
Microsoft Visual Studio Solution File, Format Version 12.00
# Visual Studio Version 16
VisualStudioVersion = 16.0.29709.97
MinimumVisualStudioVersion = 10.0.40219.1
Project("{9A19103F-16F7-4668-BE54-9A1E7A4F7556}") = "readClashReport", "readClashReport\readClashReport.csproj", "{0FD212FE-A5A1-4015-9520-4279800B919C}"
EndProject
Project("{2150E333-8FDC-42A3-9474-1A3956D46DE8}") = "Solution Items", "Solution Items", "{8F9E4DB9-D2F5-4244-BFE1-DF8057DC1BD0}"
	ProjectSection(SolutionItems) = preProject
		.editorconfig = .editorconfig
	EndProjectSection
EndProject
Global
	GlobalSection(SolutionConfigurationPlatforms) = preSolution
		Debug|Any CPU = Debug|Any CPU
		Debug|x64 = Debug|x64
		Debug|x86 = Debug|x86
		Release|Any CPU = Release|Any CPU
		Release|x64 = Release|x64
		Release|x86 = Release|x86
	EndGlobalSection
	GlobalSection(ProjectConfigurationPlatforms) = postSolution
		{0FD212FE-A5A1-4015-9520-4279800B919C}.Debug|Any CPU.ActiveCfg = Debug|Any CPU
		{0FD212FE-A5A1-4015-9520-4279800B919C}.Debug|Any CPU.Build.0 = Debug|Any CPU
		{0FD212FE-A5A1-4015-9520-4279800B919C}.Debug|x64.ActiveCfg = Debug|x64
		{0FD212FE-A5A1-4015-9520-4279800B919C}.Debug|x64.Build.0 = Debug|x64
		{0FD212FE-A5A1-4015-9520-4279800B919C}.Debug|x86.ActiveCfg = Debug|Any CPU
		{0FD212FE-A5A1-4015-9520-4279800B919C}.Debug|x86.Build.0 = Debug|Any CPU
		{0FD212FE-A5A1-4015-9520-4279800B919C}.Release|Any CPU.ActiveCfg = Release|Any CPU
		{0FD212FE-A5A1-4015-9520-4279800B919C}.Release|Any CPU.Build.0 = Release|Any CPU
		{0FD212FE-A5A1-4015-9520-4279800B919C}.Release|x64.ActiveCfg = Release|x64
		{0FD212FE-A5A1-4015-9520-4279800B919C}.Release|x64.Build.0 = Release|x64
		{0FD212FE-A5A1-4015-9520-4279800B919C}.Release|x86.ActiveCfg = Release|Any CPU
		{0FD212FE-A5A1-4015-9520-4279800B919C}.Release|x86.Build.0 = Release|Any CPU
	EndGlobalSection
	GlobalSection(SolutionProperties) = preSolution
		HideSolutionNode = FALSE
	EndGlobalSection
	GlobalSection(ExtensibilityGlobals) = postSolution
		SolutionGuid = {0251894D-AF8B-438B-8AF6-70BDCBE26977}
	EndGlobalSection
EndGlobal
